
Microsoft Visual Studio Solution File, Format Version 12.00
# Visual Studio 2012
Project("{FAE04EC0-301F-11D3-BF4B-00C04F79EFBC}") = "moneySaver", "moneySaver\moneySaver.csproj", "{1BD7AEA9-1635-4368-BA76-010E2BCEE2F2}"
EndProject
Global
	GlobalSection(SolutionConfigurationPlatforms) = preSolution
		Debug|Any CPU = Debug|Any CPU
		Release|Any CPU = Release|Any CPU
	EndGlobalSection
	GlobalSection(ProjectConfigurationPlatforms) = postSolution
		{1BD7AEA9-1635-4368-BA76-010E2BCEE2F2}.Debug|Any CPU.ActiveCfg = Debug|Any CPU
		{1BD7AEA9-1635-4368-BA76-010E2BCEE2F2}.Debug|Any CPU.Build.0 = Debug|Any CPU
		{1BD7AEA9-1635-4368-BA76-010E2BCEE2F2}.Release|Any CPU.ActiveCfg = Release|Any CPU
		{1BD7AEA9-1635-4368-BA76-010E2BCEE2F2}.Release|Any CPU.Build.0 = Release|Any CPU
	EndGlobalSection
	GlobalSection(MonoDevelopProperties) = preSolution
		StartupItem = moneySaver\moneySaver.csproj
	EndGlobalSection
EndGlobal
